// !$*UTF8*$!
{
	archiveVersion = 1;
	classes = {
	};
	objectVersion = 55;
	objects = {

/* Begin PBXBuildFile section */
		5B18EFED26F65D7900BBA019 /* AlbumService.swift in Sources */ = {isa = PBXBuildFile; fileRef = 5B18EFEC26F65D7900BBA019 /* AlbumService.swift */; };
		5B18EFEF26F661F500BBA019 /* Constants.swift in Sources */ = {isa = PBXBuildFile; fileRef = 5B18EFEE26F661F500BBA019 /* Constants.swift */; };
		5B18EFF226F67C9E00BBA019 /* AppCoordinator.swift in Sources */ = {isa = PBXBuildFile; fileRef = 5B18EFF126F67C9E00BBA019 /* AppCoordinator.swift */; };
		5B18EFF626F67FAF00BBA019 /* AlbumViewController.swift in Sources */ = {isa = PBXBuildFile; fileRef = 5B18EFF526F67FAF00BBA019 /* AlbumViewController.swift */; };
		5B18EFF826F67FDD00BBA019 /* AlbumViewPresenter.swift in Sources */ = {isa = PBXBuildFile; fileRef = 5B18EFF726F67FDD00BBA019 /* AlbumViewPresenter.swift */; };
		5B18EFFA26F67FE800BBA019 /* AlbumView.swift in Sources */ = {isa = PBXBuildFile; fileRef = 5B18EFF926F67FE800BBA019 /* AlbumView.swift */; };
		5B18EFFC26F73EA500BBA019 /* Photo.swift in Sources */ = {isa = PBXBuildFile; fileRef = 5B18EFFB26F73EA500BBA019 /* Photo.swift */; };
		5B18EFFE26F73FD700BBA019 /* PhotoService.swift in Sources */ = {isa = PBXBuildFile; fileRef = 5B18EFFD26F73FD700BBA019 /* PhotoService.swift */; };
		5B18F00026F7452400BBA019 /* PhotoCell.swift in Sources */ = {isa = PBXBuildFile; fileRef = 5B18EFFF26F7452400BBA019 /* PhotoCell.swift */; };
		5B18F00226F7458800BBA019 /* UICollectionViewCell+Extension.swift in Sources */ = {isa = PBXBuildFile; fileRef = 5B18F00126F7458800BBA019 /* UICollectionViewCell+Extension.swift */; };
		5B18F00426F77CD800BBA019 /* FilterImageService.swift in Sources */ = {isa = PBXBuildFile; fileRef = 5B18F00326F77CD800BBA019 /* FilterImageService.swift */; };
		5BA98C542689E15A0011620F /* AppDelegate.swift in Sources */ = {isa = PBXBuildFile; fileRef = 5BA98C532689E15A0011620F /* AppDelegate.swift */; };
		5BA98C562689E15A0011620F /* SceneDelegate.swift in Sources */ = {isa = PBXBuildFile; fileRef = 5BA98C552689E15A0011620F /* SceneDelegate.swift */; };
		5BA98C582689E15A0011620F /* MainViewController.swift in Sources */ = {isa = PBXBuildFile; fileRef = 5BA98C572689E15A0011620F /* MainViewController.swift */; };
		5BA98C5D2689E15F0011620F /* Assets.xcassets in Resources */ = {isa = PBXBuildFile; fileRef = 5BA98C5C2689E15F0011620F /* Assets.xcassets */; };
		5BA98C602689E15F0011620F /* LaunchScreen.storyboard in Resources */ = {isa = PBXBuildFile; fileRef = 5BA98C5E2689E15F0011620F /* LaunchScreen.storyboard */; };
		5BA98C6B2689E1600011620F /* UnitTestingTests.swift in Sources */ = {isa = PBXBuildFile; fileRef = 5BA98C6A2689E1600011620F /* UnitTestingTests.swift */; };
		5BA98C82268A08750011620F /* NetworkService.swift in Sources */ = {isa = PBXBuildFile; fileRef = 5BA98C81268A08750011620F /* NetworkService.swift */; };
		5BA98C84268A0F820011620F /* ImageService.swift in Sources */ = {isa = PBXBuildFile; fileRef = 5BA98C83268A0F820011620F /* ImageService.swift */; };
		5BA98C88268A1B800011620F /* MainView.swift in Sources */ = {isa = PBXBuildFile; fileRef = 5BA98C87268A1B800011620F /* MainView.swift */; };
		5BA98C8A268A1BB00011620F /* MainViewPresenter.swift in Sources */ = {isa = PBXBuildFile; fileRef = 5BA98C89268A1BB00011620F /* MainViewPresenter.swift */; };
		5BA98C8E268A24560011620F /* Album.swift in Sources */ = {isa = PBXBuildFile; fileRef = 5BA98C8D268A24560011620F /* Album.swift */; };
		5BA98C91268A5A5E0011620F /* AlbumCell.swift in Sources */ = {isa = PBXBuildFile; fileRef = 5BA98C90268A5A5E0011620F /* AlbumCell.swift */; };
		5BA98C93268A5C240011620F /* UITableViewCell+Extension.swift in Sources */ = {isa = PBXBuildFile; fileRef = 5BA98C92268A5C240011620F /* UITableViewCell+Extension.swift */; };
/* End PBXBuildFile section */

/* Begin PBXContainerItemProxy section */
		5BA98C672689E1600011620F /* PBXContainerItemProxy */ = {
			isa = PBXContainerItemProxy;
			containerPortal = 5BA98C482689E15A0011620F /* Project object */;
			proxyType = 1;
			remoteGlobalIDString = 5BA98C4F2689E15A0011620F;
			remoteInfo = UnitTesting;
		};
/* End PBXContainerItemProxy section */

/* Begin PBXFileReference section */
		5B18EFEC26F65D7900BBA019 /* AlbumService.swift */ = {isa = PBXFileReference; lastKnownFileType = sourcecode.swift; path = AlbumService.swift; sourceTree = "<group>"; };
		5B18EFEE26F661F500BBA019 /* Constants.swift */ = {isa = PBXFileReference; lastKnownFileType = sourcecode.swift; path = Constants.swift; sourceTree = "<group>"; };
		5B18EFF126F67C9E00BBA019 /* AppCoordinator.swift */ = {isa = PBXFileReference; lastKnownFileType = sourcecode.swift; path = AppCoordinator.swift; sourceTree = "<group>"; };
		5B18EFF526F67FAF00BBA019 /* AlbumViewController.swift */ = {isa = PBXFileReference; lastKnownFileType = sourcecode.swift; path = AlbumViewController.swift; sourceTree = "<group>"; };
		5B18EFF726F67FDD00BBA019 /* AlbumViewPresenter.swift */ = {isa = PBXFileReference; lastKnownFileType = sourcecode.swift; path = AlbumViewPresenter.swift; sourceTree = "<group>"; };
		5B18EFF926F67FE800BBA019 /* AlbumView.swift */ = {isa = PBXFileReference; lastKnownFileType = sourcecode.swift; path = AlbumView.swift; sourceTree = "<group>"; };
		5B18EFFB26F73EA500BBA019 /* Photo.swift */ = {isa = PBXFileReference; lastKnownFileType = sourcecode.swift; path = Photo.swift; sourceTree = "<group>"; };
		5B18EFFD26F73FD700BBA019 /* PhotoService.swift */ = {isa = PBXFileReference; lastKnownFileType = sourcecode.swift; path = PhotoService.swift; sourceTree = "<group>"; };
		5B18EFFF26F7452400BBA019 /* PhotoCell.swift */ = {isa = PBXFileReference; lastKnownFileType = sourcecode.swift; path = PhotoCell.swift; sourceTree = "<group>"; };
		5B18F00126F7458800BBA019 /* UICollectionViewCell+Extension.swift */ = {isa = PBXFileReference; lastKnownFileType = sourcecode.swift; path = "UICollectionViewCell+Extension.swift"; sourceTree = "<group>"; };
		5B18F00326F77CD800BBA019 /* FilterImageService.swift */ = {isa = PBXFileReference; lastKnownFileType = sourcecode.swift; path = FilterImageService.swift; sourceTree = "<group>"; };
		5BA98C502689E15A0011620F /* UnitTesting.app */ = {isa = PBXFileReference; explicitFileType = wrapper.application; includeInIndex = 0; path = UnitTesting.app; sourceTree = BUILT_PRODUCTS_DIR; };
		5BA98C532689E15A0011620F /* AppDelegate.swift */ = {isa = PBXFileReference; lastKnownFileType = sourcecode.swift; path = AppDelegate.swift; sourceTree = "<group>"; };
		5BA98C552689E15A0011620F /* SceneDelegate.swift */ = {isa = PBXFileReference; lastKnownFileType = sourcecode.swift; path = SceneDelegate.swift; sourceTree = "<group>"; };
		5BA98C572689E15A0011620F /* MainViewController.swift */ = {isa = PBXFileReference; lastKnownFileType = sourcecode.swift; path = MainViewController.swift; sourceTree = "<group>"; };
		5BA98C5C2689E15F0011620F /* Assets.xcassets */ = {isa = PBXFileReference; lastKnownFileType = folder.assetcatalog; path = Assets.xcassets; sourceTree = "<group>"; };
		5BA98C5F2689E15F0011620F /* Base */ = {isa = PBXFileReference; lastKnownFileType = file.storyboard; name = Base; path = Base.lproj/LaunchScreen.storyboard; sourceTree = "<group>"; };
		5BA98C612689E15F0011620F /* Info.plist */ = {isa = PBXFileReference; lastKnownFileType = text.plist.xml; path = Info.plist; sourceTree = "<group>"; };
		5BA98C662689E1600011620F /* UnitTestingTests.xctest */ = {isa = PBXFileReference; explicitFileType = wrapper.cfbundle; includeInIndex = 0; path = UnitTestingTests.xctest; sourceTree = BUILT_PRODUCTS_DIR; };
		5BA98C6A2689E1600011620F /* UnitTestingTests.swift */ = {isa = PBXFileReference; lastKnownFileType = sourcecode.swift; path = UnitTestingTests.swift; sourceTree = "<group>"; };
		5BA98C81268A08750011620F /* NetworkService.swift */ = {isa = PBXFileReference; lastKnownFileType = sourcecode.swift; path = NetworkService.swift; sourceTree = "<group>"; };
		5BA98C83268A0F820011620F /* ImageService.swift */ = {isa = PBXFileReference; lastKnownFileType = sourcecode.swift; path = ImageService.swift; sourceTree = "<group>"; };
		5BA98C87268A1B800011620F /* MainView.swift */ = {isa = PBXFileReference; lastKnownFileType = sourcecode.swift; path = MainView.swift; sourceTree = "<group>"; };
		5BA98C89268A1BB00011620F /* MainViewPresenter.swift */ = {isa = PBXFileReference; lastKnownFileType = sourcecode.swift; path = MainViewPresenter.swift; sourceTree = "<group>"; };
		5BA98C8D268A24560011620F /* Album.swift */ = {isa = PBXFileReference; lastKnownFileType = sourcecode.swift; path = Album.swift; sourceTree = "<group>"; };
		5BA98C90268A5A5E0011620F /* AlbumCell.swift */ = {isa = PBXFileReference; lastKnownFileType = sourcecode.swift; path = AlbumCell.swift; sourceTree = "<group>"; };
		5BA98C92268A5C240011620F /* UITableViewCell+Extension.swift */ = {isa = PBXFileReference; lastKnownFileType = sourcecode.swift; path = "UITableViewCell+Extension.swift"; sourceTree = "<group>"; };
/* End PBXFileReference section */

/* Begin PBXFrameworksBuildPhase section */
		5BA98C4D2689E15A0011620F /* Frameworks */ = {
			isa = PBXFrameworksBuildPhase;
			buildActionMask = 2147483647;
			files = (
			);
			runOnlyForDeploymentPostprocessing = 0;
		};
		5BA98C632689E1600011620F /* Frameworks */ = {
			isa = PBXFrameworksBuildPhase;
			buildActionMask = 2147483647;
			files = (
			);
			runOnlyForDeploymentPostprocessing = 0;
		};
/* End PBXFrameworksBuildPhase section */

/* Begin PBXGroup section */
		5B18EFF026F6733D00BBA019 /* Cells */ = {
			isa = PBXGroup;
			children = (
				5BA98C90268A5A5E0011620F /* AlbumCell.swift */,
				5B18EFFF26F7452400BBA019 /* PhotoCell.swift */,
			);
			path = Cells;
			sourceTree = "<group>";
		};
		5B18EFF326F67EA700BBA019 /* Coordinators */ = {
			isa = PBXGroup;
			children = (
				5B18EFF126F67C9E00BBA019 /* AppCoordinator.swift */,
			);
			path = Coordinators;
			sourceTree = "<group>";
		};
		5B18EFF426F67F6B00BBA019 /* AlbumViewController */ = {
			isa = PBXGroup;
			children = (
				5B18EFF526F67FAF00BBA019 /* AlbumViewController.swift */,
				5B18EFF726F67FDD00BBA019 /* AlbumViewPresenter.swift */,
				5B18EFF926F67FE800BBA019 /* AlbumView.swift */,
			);
			path = AlbumViewController;
			sourceTree = "<group>";
		};
		5BA98C472689E15A0011620F = {
			isa = PBXGroup;
			children = (
				5BA98C522689E15A0011620F /* UnitTesting */,
				5BA98C692689E1600011620F /* UnitTestingTests */,
				5BA98C512689E15A0011620F /* Products */,
			);
			sourceTree = "<group>";
		};
		5BA98C512689E15A0011620F /* Products */ = {
			isa = PBXGroup;
			children = (
				5BA98C502689E15A0011620F /* UnitTesting.app */,
				5BA98C662689E1600011620F /* UnitTestingTests.xctest */,
			);
			name = Products;
			sourceTree = "<group>";
		};
		5BA98C522689E15A0011620F /* UnitTesting */ = {
			isa = PBXGroup;
			children = (
				5BA98C532689E15A0011620F /* AppDelegate.swift */,
				5BA98C552689E15A0011620F /* SceneDelegate.swift */,
				5B18EFEE26F661F500BBA019 /* Constants.swift */,
				5B18F00126F7458800BBA019 /* UICollectionViewCell+Extension.swift */,
				5BA98C92268A5C240011620F /* UITableViewCell+Extension.swift */,
				5B18EFF326F67EA700BBA019 /* Coordinators */,
				5B18EFF026F6733D00BBA019 /* Cells */,
				5BA98C8F268A261B0011620F /* Models */,
				5BA98C86268A1B310011620F /* MainViewController */,
				5B18EFF426F67F6B00BBA019 /* AlbumViewController */,
				5BA98C85268A1B280011620F /* Services */,
				5BA98C612689E15F0011620F /* Info.plist */,
				5BA98C5E2689E15F0011620F /* LaunchScreen.storyboard */,
				5BA98C5C2689E15F0011620F /* Assets.xcassets */,
			);
			path = UnitTesting;
			sourceTree = "<group>";
		};
		5BA98C692689E1600011620F /* UnitTestingTests */ = {
			isa = PBXGroup;
			children = (
				5BA98C6A2689E1600011620F /* UnitTestingTests.swift */,
			);
			path = UnitTestingTests;
			sourceTree = "<group>";
		};
		5BA98C85268A1B280011620F /* Services */ = {
			isa = PBXGroup;
			children = (
				5BA98C81268A08750011620F /* NetworkService.swift */,
				5BA98C83268A0F820011620F /* ImageService.swift */,
				5B18EFEC26F65D7900BBA019 /* AlbumService.swift */,
				5B18EFFD26F73FD700BBA019 /* PhotoService.swift */,
				5B18F00326F77CD800BBA019 /* FilterImageService.swift */,
			);
			path = Services;
			sourceTree = "<group>";
		};
		5BA98C86268A1B310011620F /* MainViewController */ = {
			isa = PBXGroup;
			children = (
				5BA98C572689E15A0011620F /* MainViewController.swift */,
				5BA98C89268A1BB00011620F /* MainViewPresenter.swift */,
				5BA98C87268A1B800011620F /* MainView.swift */,
			);
			path = MainViewController;
			sourceTree = "<group>";
		};
		5BA98C8F268A261B0011620F /* Models */ = {
			isa = PBXGroup;
			children = (
				5BA98C8D268A24560011620F /* Album.swift */,
				5B18EFFB26F73EA500BBA019 /* Photo.swift */,
			);
			path = Models;
			sourceTree = "<group>";
		};
/* End PBXGroup section */

/* Begin PBXNativeTarget section */
		5BA98C4F2689E15A0011620F /* UnitTesting */ = {
			isa = PBXNativeTarget;
			buildConfigurationList = 5BA98C782689E1600011620F /* Build configuration list for PBXNativeTarget "UnitTesting" */;
			buildPhases = (
				5BA98C4C2689E15A0011620F /* Sources */,
				5BA98C4D2689E15A0011620F /* Frameworks */,
				5BA98C4E2689E15A0011620F /* Resources */,
			);
			buildRules = (
			);
			dependencies = (
			);
			name = UnitTesting;
			productName = UnitTesting;
			productReference = 5BA98C502689E15A0011620F /* UnitTesting.app */;
			productType = "com.apple.product-type.application";
		};
		5BA98C652689E1600011620F /* UnitTestingTests */ = {
			isa = PBXNativeTarget;
			buildConfigurationList = 5BA98C7B2689E1600011620F /* Build configuration list for PBXNativeTarget "UnitTestingTests" */;
			buildPhases = (
				5BA98C622689E1600011620F /* Sources */,
				5BA98C632689E1600011620F /* Frameworks */,
				5BA98C642689E1600011620F /* Resources */,
			);
			buildRules = (
			);
			dependencies = (
				5BA98C682689E1600011620F /* PBXTargetDependency */,
			);
			name = UnitTestingTests;
			productName = UnitTestingTests;
			productReference = 5BA98C662689E1600011620F /* UnitTestingTests.xctest */;
			productType = "com.apple.product-type.bundle.unit-test";
		};
/* End PBXNativeTarget section */

/* Begin PBXProject section */
		5BA98C482689E15A0011620F /* Project object */ = {
			isa = PBXProject;
			attributes = {
				BuildIndependentTargetsInParallel = 1;
				LastSwiftUpdateCheck = 1300;
				LastUpgradeCheck = 1300;
				TargetAttributes = {
					5BA98C4F2689E15A0011620F = {
						CreatedOnToolsVersion = 13.0;
					};
					5BA98C652689E1600011620F = {
						CreatedOnToolsVersion = 13.0;
						TestTargetID = 5BA98C4F2689E15A0011620F;
					};
				};
			};
			buildConfigurationList = 5BA98C4B2689E15A0011620F /* Build configuration list for PBXProject "UnitTesting" */;
			compatibilityVersion = "Xcode 13.0";
			developmentRegion = en;
			hasScannedForEncodings = 0;
			knownRegions = (
				en,
				Base,
			);
			mainGroup = 5BA98C472689E15A0011620F;
			productRefGroup = 5BA98C512689E15A0011620F /* Products */;
			projectDirPath = "";
			projectRoot = "";
			targets = (
				5BA98C4F2689E15A0011620F /* UnitTesting */,
				5BA98C652689E1600011620F /* UnitTestingTests */,
			);
		};
/* End PBXProject section */

/* Begin PBXResourcesBuildPhase section */
		5BA98C4E2689E15A0011620F /* Resources */ = {
			isa = PBXResourcesBuildPhase;
			buildActionMask = 2147483647;
			files = (
				5BA98C602689E15F0011620F /* LaunchScreen.storyboard in Resources */,
				5BA98C5D2689E15F0011620F /* Assets.xcassets in Resources */,
			);
			runOnlyForDeploymentPostprocessing = 0;
		};
		5BA98C642689E1600011620F /* Resources */ = {
			isa = PBXResourcesBuildPhase;
			buildActionMask = 2147483647;
			files = (
			);
			runOnlyForDeploymentPostprocessing = 0;
		};
/* End PBXResourcesBuildPhase section */

/* Begin PBXSourcesBuildPhase section */
		5BA98C4C2689E15A0011620F /* Sources */ = {
			isa = PBXSourcesBuildPhase;
			buildActionMask = 2147483647;
			files = (
				5BA98C82268A08750011620F /* NetworkService.swift in Sources */,
				5BA98C88268A1B800011620F /* MainView.swift in Sources */,
				5B18EFFE26F73FD700BBA019 /* PhotoService.swift in Sources */,
				5BA98C8A268A1BB00011620F /* MainViewPresenter.swift in Sources */,
				5BA98C582689E15A0011620F /* MainViewController.swift in Sources */,
				5BA98C542689E15A0011620F /* AppDelegate.swift in Sources */,
				5BA98C8E268A24560011620F /* Album.swift in Sources */,
				5B18EFFA26F67FE800BBA019 /* AlbumView.swift in Sources */,
				5B18F00226F7458800BBA019 /* UICollectionViewCell+Extension.swift in Sources */,
				5B18EFF826F67FDD00BBA019 /* AlbumViewPresenter.swift in Sources */,
				5B18EFF626F67FAF00BBA019 /* AlbumViewController.swift in Sources */,
				5B18EFF226F67C9E00BBA019 /* AppCoordinator.swift in Sources */,
				5B18F00026F7452400BBA019 /* PhotoCell.swift in Sources */,
				5B18EFFC26F73EA500BBA019 /* Photo.swift in Sources */,
				5BA98C93268A5C240011620F /* UITableViewCell+Extension.swift in Sources */,
				5B18F00426F77CD800BBA019 /* FilterImageService.swift in Sources */,
				5B18EFEF26F661F500BBA019 /* Constants.swift in Sources */,
				5BA98C84268A0F820011620F /* ImageService.swift in Sources */,
				5BA98C91268A5A5E0011620F /* AlbumCell.swift in Sources */,
				5BA98C562689E15A0011620F /* SceneDelegate.swift in Sources */,
				5B18EFED26F65D7900BBA019 /* AlbumService.swift in Sources */,
			);
			runOnlyForDeploymentPostprocessing = 0;
		};
		5BA98C622689E1600011620F /* Sources */ = {
			isa = PBXSourcesBuildPhase;
			buildActionMask = 2147483647;
			files = (
				5BA98C6B2689E1600011620F /* UnitTestingTests.swift in Sources */,
			);
			runOnlyForDeploymentPostprocessing = 0;
		};
/* End PBXSourcesBuildPhase section */

/* Begin PBXTargetDependency section */
		5BA98C682689E1600011620F /* PBXTargetDependency */ = {
			isa = PBXTargetDependency;
			target = 5BA98C4F2689E15A0011620F /* UnitTesting */;
			targetProxy = 5BA98C672689E1600011620F /* PBXContainerItemProxy */;
		};
/* End PBXTargetDependency section */

/* Begin PBXVariantGroup section */
		5BA98C5E2689E15F0011620F /* LaunchScreen.storyboard */ = {
			isa = PBXVariantGroup;
			children = (
				5BA98C5F2689E15F0011620F /* Base */,
			);
			name = LaunchScreen.storyboard;
			sourceTree = "<group>";
		};
/* End PBXVariantGroup section */

/* Begin XCBuildConfiguration section */
		5BA98C762689E1600011620F /* Debug */ = {
			isa = XCBuildConfiguration;
			buildSettings = {
				ALWAYS_SEARCH_USER_PATHS = NO;
				CLANG_ANALYZER_NONNULL = YES;
				CLANG_ANALYZER_NUMBER_OBJECT_CONVERSION = YES_AGGRESSIVE;
				CLANG_CXX_LANGUAGE_STANDARD = "gnu++14";
				CLANG_CXX_LIBRARY = "libc++";
				CLANG_ENABLE_MODULES = YES;
				CLANG_ENABLE_OBJC_ARC = YES;
				CLANG_ENABLE_OBJC_WEAK = YES;
				CLANG_WARN_BLOCK_CAPTURE_AUTORELEASING = YES;
				CLANG_WARN_BOOL_CONVERSION = YES;
				CLANG_WARN_COMMA = YES;
				CLANG_WARN_CONSTANT_CONVERSION = YES;
				CLANG_WARN_DEPRECATED_OBJC_IMPLEMENTATIONS = YES;
				CLANG_WARN_DIRECT_OBJC_ISA_USAGE = YES_ERROR;
				CLANG_WARN_DOCUMENTATION_COMMENTS = YES;
				CLANG_WARN_EMPTY_BODY = YES;
				CLANG_WARN_ENUM_CONVERSION = YES;
				CLANG_WARN_INFINITE_RECURSION = YES;
				CLANG_WARN_INT_CONVERSION = YES;
				CLANG_WARN_NON_LITERAL_NULL_CONVERSION = YES;
				CLANG_WARN_OBJC_IMPLICIT_RETAIN_SELF = YES;
				CLANG_WARN_OBJC_LITERAL_CONVERSION = YES;
				CLANG_WARN_OBJC_ROOT_CLASS = YES_ERROR;
				CLANG_WARN_QUOTED_INCLUDE_IN_FRAMEWORK_HEADER = YES;
				CLANG_WARN_RANGE_LOOP_ANALYSIS = YES;
				CLANG_WARN_STRICT_PROTOTYPES = YES;
				CLANG_WARN_SUSPICIOUS_MOVE = YES;
				CLANG_WARN_UNGUARDED_AVAILABILITY = YES_AGGRESSIVE;
				CLANG_WARN_UNREACHABLE_CODE = YES;
				CLANG_WARN__DUPLICATE_METHOD_MATCH = YES;
				COPY_PHASE_STRIP = NO;
				DEBUG_INFORMATION_FORMAT = dwarf;
				ENABLE_STRICT_OBJC_MSGSEND = YES;
				ENABLE_TESTABILITY = YES;
				GCC_C_LANGUAGE_STANDARD = gnu11;
				GCC_DYNAMIC_NO_PIC = NO;
				GCC_NO_COMMON_BLOCKS = YES;
				GCC_OPTIMIZATION_LEVEL = 0;
				GCC_PREPROCESSOR_DEFINITIONS = (
					"DEBUG=1",
					"$(inherited)",
				);
				GCC_WARN_64_TO_32_BIT_CONVERSION = YES;
				GCC_WARN_ABOUT_RETURN_TYPE = YES_ERROR;
				GCC_WARN_UNDECLARED_SELECTOR = YES;
				GCC_WARN_UNINITIALIZED_AUTOS = YES_AGGRESSIVE;
				GCC_WARN_UNUSED_FUNCTION = YES;
				GCC_WARN_UNUSED_VARIABLE = YES;
				IPHONEOS_DEPLOYMENT_TARGET = 15.0;
				MTL_ENABLE_DEBUG_INFO = INCLUDE_SOURCE;
				MTL_FAST_MATH = YES;
				ONLY_ACTIVE_ARCH = YES;
				SDKROOT = iphoneos;
				SWIFT_ACTIVE_COMPILATION_CONDITIONS = DEBUG;
				SWIFT_OPTIMIZATION_LEVEL = "-Onone";
			};
			name = Debug;
		};
		5BA98C772689E1600011620F /* Release */ = {
			isa = XCBuildConfiguration;
			buildSettings = {
				ALWAYS_SEARCH_USER_PATHS = NO;
				CLANG_ANALYZER_NONNULL = YES;
				CLANG_ANALYZER_NUMBER_OBJECT_CONVERSION = YES_AGGRESSIVE;
				CLANG_CXX_LANGUAGE_STANDARD = "gnu++14";
				CLANG_CXX_LIBRARY = "libc++";
				CLANG_ENABLE_MODULES = YES;
				CLANG_ENABLE_OBJC_ARC = YES;
				CLANG_ENABLE_OBJC_WEAK = YES;
				CLANG_WARN_BLOCK_CAPTURE_AUTORELEASING = YES;
				CLANG_WARN_BOOL_CONVERSION = YES;
				CLANG_WARN_COMMA = YES;
				CLANG_WARN_CONSTANT_CONVERSION = YES;
				CLANG_WARN_DEPRECATED_OBJC_IMPLEMENTATIONS = YES;
				CLANG_WARN_DIRECT_OBJC_ISA_USAGE = YES_ERROR;
				CLANG_WARN_DOCUMENTATION_COMMENTS = YES;
				CLANG_WARN_EMPTY_BODY = YES;
				CLANG_WARN_ENUM_CONVERSION = YES;
				CLANG_WARN_INFINITE_RECURSION = YES;
				CLANG_WARN_INT_CONVERSION = YES;
				CLANG_WARN_NON_LITERAL_NULL_CONVERSION = YES;
				CLANG_WARN_OBJC_IMPLICIT_RETAIN_SELF = YES;
				CLANG_WARN_OBJC_LITERAL_CONVERSION = YES;
				CLANG_WARN_OBJC_ROOT_CLASS = YES_ERROR;
				CLANG_WARN_QUOTED_INCLUDE_IN_FRAMEWORK_HEADER = YES;
				CLANG_WARN_RANGE_LOOP_ANALYSIS = YES;
				CLANG_WARN_STRICT_PROTOTYPES = YES;
				CLANG_WARN_SUSPICIOUS_MOVE = YES;
				CLANG_WARN_UNGUARDED_AVAILABILITY = YES_AGGRESSIVE;
				CLANG_WARN_UNREACHABLE_CODE = YES;
				CLANG_WARN__DUPLICATE_METHOD_MATCH = YES;
				COPY_PHASE_STRIP = NO;
				DEBUG_INFORMATION_FORMAT = "dwarf-with-dsym";
				ENABLE_NS_ASSERTIONS = NO;
				ENABLE_STRICT_OBJC_MSGSEND = YES;
				GCC_C_LANGUAGE_STANDARD = gnu11;
				GCC_NO_COMMON_BLOCKS = YES;
				GCC_WARN_64_TO_32_BIT_CONVERSION = YES;
				GCC_WARN_ABOUT_RETURN_TYPE = YES_ERROR;
				GCC_WARN_UNDECLARED_SELECTOR = YES;
				GCC_WARN_UNINITIALIZED_AUTOS = YES_AGGRESSIVE;
				GCC_WARN_UNUSED_FUNCTION = YES;
				GCC_WARN_UNUSED_VARIABLE = YES;
				IPHONEOS_DEPLOYMENT_TARGET = 15.0;
				MTL_ENABLE_DEBUG_INFO = NO;
				MTL_FAST_MATH = YES;
				SDKROOT = iphoneos;
				SWIFT_COMPILATION_MODE = wholemodule;
				SWIFT_OPTIMIZATION_LEVEL = "-O";
				VALIDATE_PRODUCT = YES;
			};
			name = Release;
		};
		5BA98C792689E1600011620F /* Debug */ = {
			isa = XCBuildConfiguration;
			buildSettings = {
				ASSETCATALOG_COMPILER_APPICON_NAME = AppIcon;
				ASSETCATALOG_COMPILER_GLOBAL_ACCENT_COLOR_NAME = AccentColor;
				CODE_SIGN_STYLE = Automatic;
				CURRENT_PROJECT_VERSION = 1;
				DEVELOPMENT_TEAM = 2LK8N5HS5N;
				GENERATE_INFOPLIST_FILE = YES;
				INFOPLIST_FILE = UnitTesting/Info.plist;
				INFOPLIST_KEY_CFBundleExecutable = UnitTesting;
				INFOPLIST_KEY_CFBundleName = UnitTesting;
				INFOPLIST_KEY_CFBundleVersion = 1;
				INFOPLIST_KEY_UIApplicationSupportsIndirectInputEvents = YES;
				INFOPLIST_KEY_UILaunchStoryboardName = LaunchScreen;
				INFOPLIST_KEY_UISupportedInterfaceOrientations_iPad = "UIInterfaceOrientationPortrait UIInterfaceOrientationPortraitUpsideDown UIInterfaceOrientationLandscapeLeft UIInterfaceOrientationLandscapeRight";
				INFOPLIST_KEY_UISupportedInterfaceOrientations_iPhone = "UIInterfaceOrientationPortrait UIInterfaceOrientationLandscapeLeft UIInterfaceOrientationLandscapeRight";
				LD_RUNPATH_SEARCH_PATHS = (
					"$(inherited)",
					"@executable_path/Frameworks",
				);
				MARKETING_VERSION = 1.0;
				PRODUCT_BUNDLE_IDENTIFIER = skopanitskyi.UnitTesting;
				PRODUCT_NAME = "$(TARGET_NAME)";
				SWIFT_EMIT_LOC_STRINGS = YES;
				SWIFT_VERSION = 5.0;
				TARGETED_DEVICE_FAMILY = "1,2";
			};
			name = Debug;
		};
		5BA98C7A2689E1600011620F /* Release */ = {
			isa = XCBuildConfiguration;
			buildSettings = {
				ASSETCATALOG_COMPILER_APPICON_NAME = AppIcon;
				ASSETCATALOG_COMPILER_GLOBAL_ACCENT_COLOR_NAME = AccentColor;
				CODE_SIGN_STYLE = Automatic;
				CURRENT_PROJECT_VERSION = 1;
				DEVELOPMENT_TEAM = 2LK8N5HS5N;
				GENERATE_INFOPLIST_FILE = YES;
				INFOPLIST_FILE = UnitTesting/Info.plist;
				INFOPLIST_KEY_CFBundleExecutable = UnitTesting;
				INFOPLIST_KEY_CFBundleName = UnitTesting;
				INFOPLIST_KEY_CFBundleVersion = 1;
				INFOPLIST_KEY_UIApplicationSupportsIndirectInputEvents = YES;
				INFOPLIST_KEY_UILaunchStoryboardName = LaunchScreen;
				INFOPLIST_KEY_UISupportedInterfaceOrientations_iPad = "UIInterfaceOrientationPortrait UIInterfaceOrientationPortraitUpsideDown UIInterfaceOrientationLandscapeLeft UIInterfaceOrientationLandscapeRight";
				INFOPLIST_KEY_UISupportedInterfaceOrientations_iPhone = "UIInterfaceOrientationPortrait UIInterfaceOrientationLandscapeLeft UIInterfaceOrientationLandscapeRight";
				LD_RUNPATH_SEARCH_PATHS = (
					"$(inherited)",
					"@executable_path/Frameworks",
				);
				MARKETING_VERSION = 1.0;
				PRODUCT_BUNDLE_IDENTIFIER = skopanitskyi.UnitTesting;
				PRODUCT_NAME = "$(TARGET_NAME)";
				SWIFT_EMIT_LOC_STRINGS = YES;
				SWIFT_VERSION = 5.0;
				TARGETED_DEVICE_FAMILY = "1,2";
			};
			name = Release;
		};
		5BA98C7C2689E1600011620F /* Debug */ = {
			isa = XCBuildConfiguration;
			buildSettings = {
				ALWAYS_EMBED_SWIFT_STANDARD_LIBRARIES = YES;
				BUNDLE_LOADER = "$(TEST_HOST)";
				CODE_SIGN_STYLE = Automatic;
				CURRENT_PROJECT_VERSION = 1;
				DEVELOPMENT_TEAM = 2LK8N5HS5N;
				GENERATE_INFOPLIST_FILE = YES;
				IPHONEOS_DEPLOYMENT_TARGET = 15.0;
				LD_RUNPATH_SEARCH_PATHS = (
					"$(inherited)",
					"@executable_path/Frameworks",
					"@loader_path/Frameworks",
				);
				MARKETING_VERSION = 1.0;
				PRODUCT_BUNDLE_IDENTIFIER = skopanitskyi.UnitTestingTests;
				PRODUCT_NAME = "$(TARGET_NAME)";
				SWIFT_EMIT_LOC_STRINGS = NO;
				SWIFT_VERSION = 5.0;
				TARGETED_DEVICE_FAMILY = "1,2";
				TEST_HOST = "$(BUILT_PRODUCTS_DIR)/UnitTesting.app/UnitTesting";
			};
			name = Debug;
		};
		5BA98C7D2689E1600011620F /* Release */ = {
			isa = XCBuildConfiguration;
			buildSettings = {
				ALWAYS_EMBED_SWIFT_STANDARD_LIBRARIES = YES;
				BUNDLE_LOADER = "$(TEST_HOST)";
				CODE_SIGN_STYLE = Automatic;
				CURRENT_PROJECT_VERSION = 1;
				DEVELOPMENT_TEAM = 2LK8N5HS5N;
				GENERATE_INFOPLIST_FILE = YES;
				IPHONEOS_DEPLOYMENT_TARGET = 15.0;
				LD_RUNPATH_SEARCH_PATHS = (
					"$(inherited)",
					"@executable_path/Frameworks",
					"@loader_path/Frameworks",
				);
				MARKETING_VERSION = 1.0;
				PRODUCT_BUNDLE_IDENTIFIER = skopanitskyi.UnitTestingTests;
				PRODUCT_NAME = "$(TARGET_NAME)";
				SWIFT_EMIT_LOC_STRINGS = NO;
				SWIFT_VERSION = 5.0;
				TARGETED_DEVICE_FAMILY = "1,2";
				TEST_HOST = "$(BUILT_PRODUCTS_DIR)/UnitTesting.app/UnitTesting";
			};
			name = Release;
		};
/* End XCBuildConfiguration section */

/* Begin XCConfigurationList section */
		5BA98C4B2689E15A0011620F /* Build configuration list for PBXProject "UnitTesting" */ = {
			isa = XCConfigurationList;
			buildConfigurations = (
				5BA98C762689E1600011620F /* Debug */,
				5BA98C772689E1600011620F /* Release */,
			);
			defaultConfigurationIsVisible = 0;
			defaultConfigurationName = Release;
		};
		5BA98C782689E1600011620F /* Build configuration list for PBXNativeTarget "UnitTesting" */ = {
			isa = XCConfigurationList;
			buildConfigurations = (
				5BA98C792689E1600011620F /* Debug */,
				5BA98C7A2689E1600011620F /* Release */,
			);
			defaultConfigurationIsVisible = 0;
			defaultConfigurationName = Release;
		};
		5BA98C7B2689E1600011620F /* Build configuration list for PBXNativeTarget "UnitTestingTests" */ = {
			isa = XCConfigurationList;
			buildConfigurations = (
				5BA98C7C2689E1600011620F /* Debug */,
				5BA98C7D2689E1600011620F /* Release */,
			);
			defaultConfigurationIsVisible = 0;
			defaultConfigurationName = Release;
		};
/* End XCConfigurationList section */
	};
	rootObject = 5BA98C482689E15A0011620F /* Project object */;
}
